
Microsoft Visual Studio Solution File, Format Version 12.00
# Visual Studio Version 17
VisualStudioVersion = 17.0.31903.59
MinimumVisualStudioVersion = 10.0.40219.1
Project("{FAE04EC0-301F-11D3-BF4B-00C04F79EFBC}") = "API", "API\API.csproj", "{6504E761-C6D9-4A07-B03D-CF3A237B35E5}"
EndProject
Project("{FAE04EC0-301F-11D3-BF4B-00C04F79EFBC}") = "Application", "Application\Application.csproj", "{F080396C-BEBF-4F14-871E-7EFAE0B5FFBF}"
EndProject
Project("{FAE04EC0-301F-11D3-BF4B-00C04F79EFBC}") = "Domain", "Domain\Domain.csproj", "{9CEB5631-713F-48FF-A1B0-B8DAA58D16F2}"
EndProject
Project("{FAE04EC0-301F-11D3-BF4B-00C04F79EFBC}") = "Persistence", "Persistence\Persistence.csproj", "{F2FCBFDC-6624-413A-A5B2-2E0300C17580}"
EndProject
Global
	GlobalSection(SolutionConfigurationPlatforms) = preSolution
		Debug|Any CPU = Debug|Any CPU
		Release|Any CPU = Release|Any CPU
	EndGlobalSection
	GlobalSection(SolutionProperties) = preSolution
		HideSolutionNode = FALSE
	EndGlobalSection
	GlobalSection(ProjectConfigurationPlatforms) = postSolution
		{6504E761-C6D9-4A07-B03D-CF3A237B35E5}.Debug|Any CPU.ActiveCfg = Debug|Any CPU
		{6504E761-C6D9-4A07-B03D-CF3A237B35E5}.Debug|Any CPU.Build.0 = Debug|Any CPU
		{6504E761-C6D9-4A07-B03D-CF3A237B35E5}.Release|Any CPU.ActiveCfg = Release|Any CPU
		{6504E761-C6D9-4A07-B03D-CF3A237B35E5}.Release|Any CPU.Build.0 = Release|Any CPU
		{F080396C-BEBF-4F14-871E-7EFAE0B5FFBF}.Debug|Any CPU.ActiveCfg = Debug|Any CPU
		{F080396C-BEBF-4F14-871E-7EFAE0B5FFBF}.Debug|Any CPU.Build.0 = Debug|Any CPU
		{F080396C-BEBF-4F14-871E-7EFAE0B5FFBF}.Release|Any CPU.ActiveCfg = Release|Any CPU
		{F080396C-BEBF-4F14-871E-7EFAE0B5FFBF}.Release|Any CPU.Build.0 = Release|Any CPU
		{9CEB5631-713F-48FF-A1B0-B8DAA58D16F2}.Debug|Any CPU.ActiveCfg = Debug|Any CPU
		{9CEB5631-713F-48FF-A1B0-B8DAA58D16F2}.Debug|Any CPU.Build.0 = Debug|Any CPU
		{9CEB5631-713F-48FF-A1B0-B8DAA58D16F2}.Release|Any CPU.ActiveCfg = Release|Any CPU
		{9CEB5631-713F-48FF-A1B0-B8DAA58D16F2}.Release|Any CPU.Build.0 = Release|Any CPU
		{F2FCBFDC-6624-413A-A5B2-2E0300C17580}.Debug|Any CPU.ActiveCfg = Debug|Any CPU
		{F2FCBFDC-6624-413A-A5B2-2E0300C17580}.Debug|Any CPU.Build.0 = Debug|Any CPU
		{F2FCBFDC-6624-413A-A5B2-2E0300C17580}.Release|Any CPU.ActiveCfg = Release|Any CPU
		{F2FCBFDC-6624-413A-A5B2-2E0300C17580}.Release|Any CPU.Build.0 = Release|Any CPU
	EndGlobalSection
EndGlobal
